dependencies:
- name: postgresql
  repository: https://charts.bitnami.com/bitnami
  version: 16.7.27
- name: redis
  repository: https://charts.bitnami.com/bitnami
  version: 20.13.4
digest: sha256:a77433098ecf522522ef629b914669ee8f0effa20a102ddf00fdd91e989de6fd
generated: "2026-04-24T20:56:31.809592+09:00"
